
Microsoft Visual Studio Solution File, Format Version 12.00
# Visual Studio 15
Project("{FAE04EC0-301F-11D3-BF4B-00C04F79EFBC}") = "T806443.Android", "T806443.Android\T806443.Android.csproj", "{475D8BC9-B9D2-44BC-8F16-99B12BE32810}"
EndProject
Project("{FAE04EC0-301F-11D3-BF4B-00C04F79EFBC}") = "T806443.iOS", "T806443.iOS\T806443.iOS.csproj", "{30CDF360-D6D6-4799-A46E-C54D0A430F7B}"
EndProject
Project("{FAE04EC0-301F-11D3-BF4B-00C04F79EFBC}") = "T806443", "T806443\T806443.csproj", "{84B796A7-7D6D-4F65-AEFB-241A2C1DA14D}"
EndProject
Global
	GlobalSection(SolutionConfigurationPlatforms) = preSolution
		Debug|Any CPU = Debug|Any CPU
		Release|Any CPU = Release|Any CPU
		Debug|iPhoneSimulator = Debug|iPhoneSimulator
		Release|iPhoneSimulator = Release|iPhoneSimulator
		Debug|iPhone = Debug|iPhone
		Release|iPhone = Release|iPhone
	EndGlobalSection
	GlobalSection(ProjectConfigurationPlatforms) = postSolution
		{475D8BC9-B9D2-44BC-8F16-99B12BE32810}.Debug|Any CPU.ActiveCfg = Debug|Any CPU
		{475D8BC9-B9D2-44BC-8F16-99B12BE32810}.Debug|Any CPU.Build.0 = Debug|Any CPU
		{475D8BC9-B9D2-44BC-8F16-99B12BE32810}.Release|Any CPU.ActiveCfg = Release|Any CPU
		{475D8BC9-B9D2-44BC-8F16-99B12BE32810}.Release|Any CPU.Build.0 = Release|Any CPU
		{475D8BC9-B9D2-44BC-8F16-99B12BE32810}.Debug|iPhoneSimulator.ActiveCfg = Debug|Any CPU
		{475D8BC9-B9D2-44BC-8F16-99B12BE32810}.Debug|iPhoneSimulator.Build.0 = Debug|Any CPU
		{475D8BC9-B9D2-44BC-8F16-99B12BE32810}.Release|iPhoneSimulator.ActiveCfg = Release|Any CPU
		{475D8BC9-B9D2-44BC-8F16-99B12BE32810}.Release|iPhoneSimulator.Build.0 = Release|Any CPU
		{475D8BC9-B9D2-44BC-8F16-99B12BE32810}.Debug|iPhone.ActiveCfg = Debug|Any CPU
		{475D8BC9-B9D2-44BC-8F16-99B12BE32810}.Debug|iPhone.Build.0 = Debug|Any CPU
		{475D8BC9-B9D2-44BC-8F16-99B12BE32810}.Release|iPhone.ActiveCfg = Release|Any CPU
		{475D8BC9-B9D2-44BC-8F16-99B12BE32810}.Release|iPhone.Build.0 = Release|Any CPU
		{30CDF360-D6D6-4799-A46E-C54D0A430F7B}.Debug|Any CPU.ActiveCfg = Debug|iPhoneSimulator
		{30CDF360-D6D6-4799-A46E-C54D0A430F7B}.Debug|Any CPU.Build.0 = Debug|iPhoneSimulator
		{30CDF360-D6D6-4799-A46E-C54D0A430F7B}.Release|Any CPU.ActiveCfg = Release|iPhoneSimulator
		{30CDF360-D6D6-4799-A46E-C54D0A430F7B}.Release|Any CPU.Build.0 = Release|iPhoneSimulator
		{30CDF360-D6D6-4799-A46E-C54D0A430F7B}.Debug|iPhoneSimulator.ActiveCfg = Debug|iPhoneSimulator
		{30CDF360-D6D6-4799-A46E-C54D0A430F7B}.Debug|iPhoneSimulator.Build.0 = Debug|iPhoneSimulator
		{30CDF360-D6D6-4799-A46E-C54D0A430F7B}.Release|iPhoneSimulator.ActiveCfg = Release|iPhoneSimulator
		{30CDF360-D6D6-4799-A46E-C54D0A430F7B}.Release|iPhoneSimulator.Build.0 = Release|iPhoneSimulator
		{30CDF360-D6D6-4799-A46E-C54D0A430F7B}.Debug|iPhone.ActiveCfg = Debug|iPhone
		{30CDF360-D6D6-4799-A46E-C54D0A430F7B}.Debug|iPhone.Build.0 = Debug|iPhone
		{30CDF360-D6D6-4799-A46E-C54D0A430F7B}.Release|iPhone.ActiveCfg = Release|iPhone
		{30CDF360-D6D6-4799-A46E-C54D0A430F7B}.Release|iPhone.Build.0 = Release|iPhone
		{84B796A7-7D6D-4F65-AEFB-241A2C1DA14D}.Debug|Any CPU.ActiveCfg = Debug|Any CPU
		{84B796A7-7D6D-4F65-AEFB-241A2C1DA14D}.Debug|Any CPU.Build.0 = Debug|Any CPU
		{84B796A7-7D6D-4F65-AEFB-241A2C1DA14D}.Release|Any CPU.ActiveCfg = Release|Any CPU
		{84B796A7-7D6D-4F65-AEFB-241A2C1DA14D}.Release|Any CPU.Build.0 = Release|Any CPU
		{84B796A7-7D6D-4F65-AEFB-241A2C1DA14D}.Debug|iPhoneSimulator.ActiveCfg = Debug|Any CPU
		{84B796A7-7D6D-4F65-AEFB-241A2C1DA14D}.Debug|iPhoneSimulator.Build.0 = Debug|Any CPU
		{84B796A7-7D6D-4F65-AEFB-241A2C1DA14D}.Release|iPhoneSimulator.ActiveCfg = Release|Any CPU
		{84B796A7-7D6D-4F65-AEFB-241A2C1DA14D}.Release|iPhoneSimulator.Build.0 = Release|Any CPU
		{84B796A7-7D6D-4F65-AEFB-241A2C1DA14D}.Debug|iPhone.ActiveCfg = Debug|Any CPU
		{84B796A7-7D6D-4F65-AEFB-241A2C1DA14D}.Debug|iPhone.Build.0 = Debug|Any CPU
		{84B796A7-7D6D-4F65-AEFB-241A2C1DA14D}.Release|iPhone.ActiveCfg = Release|Any CPU
		{84B796A7-7D6D-4F65-AEFB-241A2C1DA14D}.Release|iPhone.Build.0 = Release|Any CPU
	EndGlobalSection
EndGlobal
